// !$*UTF8*$!
{
	archiveVersion = 1;
	classes = {
	};
	objectVersion = 48;
	objects = {

/* Begin PBXBuildFile section */
		280B53341FC29B4B00A17367 /* SplashScreenViewController.swift in Sources */ = {isa = PBXBuildFile; fileRef = 280B53331FC29B4B00A17367 /* SplashScreenViewController.swift */; };
		28866CD21FC2D04A00AC9C44 /* GoogleService-Info.plist in Resources */ = {isa = PBXBuildFile; fileRef = 28866CD11FC2D04A00AC9C44 /* GoogleService-Info.plist */; };
		288A32721FBDBA610076BFD7 /* AppDelegate.swift in Sources */ = {isa = PBXBuildFile; fileRef = 288A32711FBDBA610076BFD7 /* AppDelegate.swift */; };
		288A32771FBDBA620076BFD7 /* Main.storyboard in Resources */ = {isa = PBXBuildFile; fileRef = 288A32751FBDBA620076BFD7 /* Main.storyboard */; };
		288A32791FBDBA620076BFD7 /* Assets.xcassets in Resources */ = {isa = PBXBuildFile; fileRef = 288A32781FBDBA620076BFD7 /* Assets.xcassets */; };
		288A327C1FBDBA620076BFD7 /* LaunchScreen.storyboard in Resources */ = {isa = PBXBuildFile; fileRef = 288A327A1FBDBA620076BFD7 /* LaunchScreen.storyboard */; };
		28920AC11FCBEA4F00F9393D /* Constants.swift in Sources */ = {isa = PBXBuildFile; fileRef = 28920AC01FCBEA4F00F9393D /* Constants.swift */; };
		28920AC31FCD379000F9393D /* FireBaseNotification.swift in Sources */ = {isa = PBXBuildFile; fileRef = 28920AC21FCD379000F9393D /* FireBaseNotification.swift */; };
		2896E8AC1FBE9FDC007C36DD /* GameScreenCollectionViewController.swift in Sources */ = {isa = PBXBuildFile; fileRef = 2896E8AB1FBE9FDC007C36DD /* GameScreenCollectionViewController.swift */; };
		2896E8AE1FBEA7A6007C36DD /* GameButtonCell.swift in Sources */ = {isa = PBXBuildFile; fileRef = 2896E8AD1FBEA7A6007C36DD /* GameButtonCell.swift */; };
		2896E8B21FBEE83D007C36DD /* Game Entities.swift in Sources */ = {isa = PBXBuildFile; fileRef = 2896E8B11FBEE83D007C36DD /* Game Entities.swift */; };
		2896E8B41FBEEB7D007C36DD /* Game.swift in Sources */ = {isa = PBXBuildFile; fileRef = 2896E8B31FBEEB7D007C36DD /* Game.swift */; };
		28FA90DF1FC3EF2200B718BA /* NotificationDelegate.swift in Sources */ = {isa = PBXBuildFile; fileRef = 28FA90DE1FC3EF2200B718BA /* NotificationDelegate.swift */; };
		28FBCDEC1FC5483700CB72BA /* GameListTableViewController.swift in Sources */ = {isa = PBXBuildFile; fileRef = 28FBCDEB1FC5483700CB72BA /* GameListTableViewController.swift */; };
		28FBCDEF1FC6EF2D00CB72BA /* Database.swift in Sources */ = {isa = PBXBuildFile; fileRef = 28FBCDEE1FC6EF2D00CB72BA /* Database.swift */; };
		B7D5C2D0FCA5B45917EEF012 /* Pods_Tic_Tac_Toe.framework in Frameworks */ = {isa = PBXBuildFile; fileRef = 7645032408C436DE5504F093 /* Pods_Tic_Tac_Toe.framework */; };
/* End PBXBuildFile section */

/* Begin PBXFileReference section */
		280B53331FC29B4B00A17367 /* SplashScreenViewController.swift */ = {isa = PBXFileReference; lastKnownFileType = sourcecode.swift; path = SplashScreenViewController.swift; sourceTree = "<group>"; };
		28866CD01FC2BC0600AC9C44 /* Tic-Tac-Toe.entitlements */ = {isa = PBXFileReference; lastKnownFileType = text.plist.entitlements; path = "Tic-Tac-Toe.entitlements"; sourceTree = "<group>"; };
		28866CD11FC2D04A00AC9C44 /* GoogleService-Info.plist */ = {isa = PBXFileReference; fileEncoding = 4; lastKnownFileType = text.plist.xml; path = "GoogleService-Info.plist"; sourceTree = "<group>"; };
		288A326E1FBDBA610076BFD7 /* Tic-Tac-Toe.app */ = {isa = PBXFileReference; explicitFileType = wrapper.application; includeInIndex = 0; path = "Tic-Tac-Toe.app"; sourceTree = BUILT_PRODUCTS_DIR; };
		288A32711FBDBA610076BFD7 /* AppDelegate.swift */ = {isa = PBXFileReference; lastKnownFileType = sourcecode.swift; path = AppDelegate.swift; sourceTree = "<group>"; };
		288A32761FBDBA620076BFD7 /* Base */ = {isa = PBXFileReference; lastKnownFileType = file.storyboard; name = Base; path = Base.lproj/Main.storyboard; sourceTree = "<group>"; };
		288A32781FBDBA620076BFD7 /* Assets.xcassets */ = {isa = PBXFileReference; lastKnownFileType = folder.assetcatalog; path = Assets.xcassets; sourceTree = "<group>"; };
		288A327B1FBDBA620076BFD7 /* Base */ = {isa = PBXFileReference; lastKnownFileType = file.storyboard; name = Base; path = Base.lproj/LaunchScreen.storyboard; sourceTree = "<group>"; };
		288A327D1FBDBA620076BFD7 /* Info.plist */ = {isa = PBXFileReference; lastKnownFileType = text.plist.xml; path = Info.plist; sourceTree = "<group>"; };
		28920AC01FCBEA4F00F9393D /* Constants.swift */ = {isa = PBXFileReference; lastKnownFileType = sourcecode.swift; path = Constants.swift; sourceTree = "<group>"; };
		28920AC21FCD379000F9393D /* FireBaseNotification.swift */ = {isa = PBXFileReference; lastKnownFileType = sourcecode.swift; path = FireBaseNotification.swift; sourceTree = "<group>"; };
		2896E8AB1FBE9FDC007C36DD /* GameScreenCollectionViewController.swift */ = {isa = PBXFileReference; lastKnownFileType = sourcecode.swift; path = GameScreenCollectionViewController.swift; sourceTree = "<group>"; };
		2896E8AD1FBEA7A6007C36DD /* GameButtonCell.swift */ = {isa = PBXFileReference; lastKnownFileType = sourcecode.swift; path = GameButtonCell.swift; sourceTree = "<group>"; };
		2896E8B11FBEE83D007C36DD /* Game Entities.swift */ = {isa = PBXFileReference; lastKnownFileType = sourcecode.swift; path = "Game Entities.swift"; sourceTree = "<group>"; };
		2896E8B31FBEEB7D007C36DD /* Game.swift */ = {isa = PBXFileReference; lastKnownFileType = sourcecode.swift; path = Game.swift; sourceTree = "<group>"; };
		28FA90DE1FC3EF2200B718BA /* NotificationDelegate.swift */ = {isa = PBXFileReference; lastKnownFileType = sourcecode.swift; path = NotificationDelegate.swift; sourceTree = "<group>"; };
		28FBCDEB1FC5483700CB72BA /* GameListTableViewController.swift */ = {isa = PBXFileReference; lastKnownFileType = sourcecode.swift; path = GameListTableViewController.swift; sourceTree = "<group>"; };
		28FBCDEE1FC6EF2D00CB72BA /* Database.swift */ = {isa = PBXFileReference; lastKnownFileType = sourcecode.swift; path = Database.swift; sourceTree = "<group>"; };
		7645032408C436DE5504F093 /* Pods_Tic_Tac_Toe.framework */ = {isa = PBXFileReference; explicitFileType = wrapper.framework; includeInIndex = 0; path = Pods_Tic_Tac_Toe.framework; sourceTree = BUILT_PRODUCTS_DIR; };
		DB7421AC498A818B0BDD19E8 /* Pods-Tic-Tac-Toe.release.xcconfig */ = {isa = PBXFileReference; includeInIndex = 1; lastKnownFileType = text.xcconfig; name = "Pods-Tic-Tac-Toe.release.xcconfig"; path = "Pods/Target Support Files/Pods-Tic-Tac-Toe/Pods-Tic-Tac-Toe.release.xcconfig"; sourceTree = "<group>"; };
		F845804FBB9CDB1DFCDA837A /* Pods-Tic-Tac-Toe.debug.xcconfig */ = {isa = PBXFileReference; includeInIndex = 1; lastKnownFileType = text.xcconfig; name = "Pods-Tic-Tac-Toe.debug.xcconfig"; path = "Pods/Target Support Files/Pods-Tic-Tac-Toe/Pods-Tic-Tac-Toe.debug.xcconfig"; sourceTree = "<group>"; };
/* End PBXFileReference section */

/* Begin PBXFrameworksBuildPhase section */
		288A326B1FBDBA610076BFD7 /* Frameworks */ = {
			isa = PBXFrameworksBuildPhase;
			buildActionMask = 2147483647;
			files = (
				B7D5C2D0FCA5B45917EEF012 /* Pods_Tic_Tac_Toe.framework in Frameworks */,
			);
			runOnlyForDeploymentPostprocessing = 0;
		};
/* End PBXFrameworksBuildPhase section */

/* Begin PBXGroup section */
		288A32651FBDBA610076BFD7 = {
			isa = PBXGroup;
			children = (
				288A32701FBDBA610076BFD7 /* Tic-Tac-Toe */,
				288A326F1FBDBA610076BFD7 /* Products */,
				F9006D78D3EB30452B6F6D44 /* Pods */,
				C212A8ABCE36AAB100232227 /* Frameworks */,
			);
			sourceTree = "<group>";
		};
		288A326F1FBDBA610076BFD7 /* Products */ = {
			isa = PBXGroup;
			children = (
				288A326E1FBDBA610076BFD7 /* Tic-Tac-Toe.app */,
			);
			name = Products;
			sourceTree = "<group>";
		};
		288A32701FBDBA610076BFD7 /* Tic-Tac-Toe */ = {
			isa = PBXGroup;
			children = (
				28866CD01FC2BC0600AC9C44 /* Tic-Tac-Toe.entitlements */,
				288A32711FBDBA610076BFD7 /* AppDelegate.swift */,
				28FA90DE1FC3EF2200B718BA /* NotificationDelegate.swift */,
				2896E8AB1FBE9FDC007C36DD /* GameScreenCollectionViewController.swift */,
				28920AC21FCD379000F9393D /* FireBaseNotification.swift */,
				280B53331FC29B4B00A17367 /* SplashScreenViewController.swift */,
				28FBCDEE1FC6EF2D00CB72BA /* Database.swift */,
				28FBCDEB1FC5483700CB72BA /* GameListTableViewController.swift */,
				28866CD11FC2D04A00AC9C44 /* GoogleService-Info.plist */,
				288A32751FBDBA620076BFD7 /* Main.storyboard */,
				2896E8AD1FBEA7A6007C36DD /* GameButtonCell.swift */,
				288A32781FBDBA620076BFD7 /* Assets.xcassets */,
				288A327A1FBDBA620076BFD7 /* LaunchScreen.storyboard */,
				288A327D1FBDBA620076BFD7 /* Info.plist */,
				2896E8B11FBEE83D007C36DD /* Game Entities.swift */,
				2896E8B31FBEEB7D007C36DD /* Game.swift */,
				28920AC01FCBEA4F00F9393D /* Constants.swift */,
			);
			path = "Tic-Tac-Toe";
			sourceTree = "<group>";
		};
		C212A8ABCE36AAB100232227 /* Frameworks */ = {
			isa = PBXGroup;
			children = (
				7645032408C436DE5504F093 /* Pods_Tic_Tac_Toe.framework */,
			);
			name = Frameworks;
			sourceTree = "<group>";
		};
		F9006D78D3EB30452B6F6D44 /* Pods */ = {
			isa = PBXGroup;
			children = (
				F845804FBB9CDB1DFCDA837A /* Pods-Tic-Tac-Toe.debug.xcconfig */,
				DB7421AC498A818B0BDD19E8 /* Pods-Tic-Tac-Toe.release.xcconfig */,
			);
			name = Pods;
			sourceTree = "<group>";
		};
/* End PBXGroup section */

/* Begin PBXNativeTarget section */
		288A326D1FBDBA610076BFD7 /* Tic-Tac-Toe */ = {
			isa = PBXNativeTarget;
			buildConfigurationList = 288A32801FBDBA620076BFD7 /* Build configuration list for PBXNativeTarget "Tic-Tac-Toe" */;
			buildPhases = (
				1A0486C5683E0BD02923AC18 /* [CP] Check Pods Manifest.lock */,
				288A326A1FBDBA610076BFD7 /* Sources */,
				288A326B1FBDBA610076BFD7 /* Frameworks */,
				288A326C1FBDBA610076BFD7 /* Resources */,
				0ABE5AD88111A596CB00AF2C /* [CP] Embed Pods Frameworks */,
				5BF35976D9EBE89E4AAE4F2F /* [CP] Copy Pods Resources */,
				28FBCDED1FC69AE600CB72BA /* Run Script */,
			);
			buildRules = (
			);
			dependencies = (
			);
			name = "Tic-Tac-Toe";
			productName = "Tic-Tac-Toe";
			productReference = 288A326E1FBDBA610076BFD7 /* Tic-Tac-Toe.app */;
			productType = "com.apple.product-type.application";
		};
/* End PBXNativeTarget section */

/* Begin PBXProject section */
		288A32661FBDBA610076BFD7 /* Project object */ = {
			isa = PBXProject;
			attributes = {
				KnownAssetTags = (
					New,
				);
				LastSwiftUpdateCheck = 0910;
				LastUpgradeCheck = 0910;
				ORGANIZATIONNAME = Amit;
				TargetAttributes = {
					288A326D1FBDBA610076BFD7 = {
						CreatedOnToolsVersion = 9.1;
						ProvisioningStyle = Automatic;
						SystemCapabilities = {
							com.apple.Push = {
								enabled = 1;
							};
						};
					};
				};
			};
			buildConfigurationList = 288A32691FBDBA610076BFD7 /* Build configuration list for PBXProject "Tic-Tac-Toe" */;
			compatibilityVersion = "Xcode 8.0";
			developmentRegion = en;
			hasScannedForEncodings = 0;
			knownRegions = (
				en,
				Base,
			);
			mainGroup = 288A32651FBDBA610076BFD7;
			productRefGroup = 288A326F1FBDBA610076BFD7 /* Products */;
			projectDirPath = "";
			projectRoot = "";
			targets = (
				288A326D1FBDBA610076BFD7 /* Tic-Tac-Toe */,
			);
		};
/* End PBXProject section */

/* Begin PBXResourcesBuildPhase section */
		288A326C1FBDBA610076BFD7 /* Resources */ = {
			isa = PBXResourcesBuildPhase;
			buildActionMask = 2147483647;
			files = (
				288A327C1FBDBA620076BFD7 /* LaunchScreen.storyboard in Resources */,
				28866CD21FC2D04A00AC9C44 /* GoogleService-Info.plist in Resources */,
				288A32791FBDBA620076BFD7 /* Assets.xcassets in Resources */,
				288A32771FBDBA620076BFD7 /* Main.storyboard in Resources */,
			);
			runOnlyForDeploymentPostprocessing = 0;
		};
/* End PBXResourcesBuildPhase section */

/* Begin PBXShellScriptBuildPhase section */
		0ABE5AD88111A596CB00AF2C /* [CP] Embed Pods Frameworks */ = {
			isa = PBXShellScriptBuildPhase;
			buildActionMask = 2147483647;
			files = (
			);
			inputPaths = (
				"${SRCROOT}/Pods/Target Support Files/Pods-Tic-Tac-Toe/Pods-Tic-Tac-Toe-frameworks.sh",
				"${BUILT_PRODUCTS_DIR}/AFNetworking/AFNetworking.framework",
				"${BUILT_PRODUCTS_DIR}/GoogleToolboxForMac/GoogleToolboxForMac.framework",
				"${BUILT_PRODUCTS_DIR}/Protobuf/Protobuf.framework",
				"${BUILT_PRODUCTS_DIR}/SwiftyJSON/SwiftyJSON.framework",
				"${BUILT_PRODUCTS_DIR}/leveldb-library/leveldb.framework",
				"${BUILT_PRODUCTS_DIR}/nanopb/nanopb.framework",
			);
			name = "[CP] Embed Pods Frameworks";
			outputPaths = (
				"${TARGET_BUILD_DIR}/${FRAMEWORKS_FOLDER_PATH}/AFNetworking.framework",
				"${TARGET_BUILD_DIR}/${FRAMEWORKS_FOLDER_PATH}/GoogleToolboxForMac.framework",
				"${TARGET_BUILD_DIR}/${FRAMEWORKS_FOLDER_PATH}/Protobuf.framework",
				"${TARGET_BUILD_DIR}/${FRAMEWORKS_FOLDER_PATH}/SwiftyJSON.framework",
				"${TARGET_BUILD_DIR}/${FRAMEWORKS_FOLDER_PATH}/leveldb.framework",
				"${TARGET_BUILD_DIR}/${FRAMEWORKS_FOLDER_PATH}/nanopb.framework",
			);
			runOnlyForDeploymentPostprocessing = 0;
			shellPath = /bin/sh;
			shellScript = "\"${SRCROOT}/Pods/Target Support Files/Pods-Tic-Tac-Toe/Pods-Tic-Tac-Toe-frameworks.sh\"\n";
			showEnvVarsInLog = 0;
		};
		1A0486C5683E0BD02923AC18 /* [CP] Check Pods Manifest.lock */ = {
			isa = PBXShellScriptBuildPhase;
			buildActionMask = 2147483647;
			files = (
			);
			inputPaths = (
				"${PODS_PODFILE_DIR_PATH}/Podfile.lock",
				"${PODS_ROOT}/Manifest.lock",
			);
			name = "[CP] Check Pods Manifest.lock";
			outputPaths = (
				"$(DERIVED_FILE_DIR)/Pods-Tic-Tac-Toe-checkManifestLockResult.txt",
			);
			runOnlyForDeploymentPostprocessing = 0;
			shellPath = /bin/sh;
			shellScript = "diff \"${PODS_PODFILE_DIR_PATH}/Podfile.lock\" \"${PODS_ROOT}/Manifest.lock\" > /dev/null\nif [ $? != 0 ] ; then\n    # print error to STDERR\n    echo \"error: The sandbox is not in sync with the Podfile.lock. Run 'pod install' or update your CocoaPods installation.\" >&2\n    exit 1\nfi\n# This output is used by Xcode 'outputs' to avoid re-running this script phase.\necho \"SUCCESS\" > \"${SCRIPT_OUTPUT_FILE_0}\"\n";
			showEnvVarsInLog = 0;
		};
		28FBCDED1FC69AE600CB72BA /* Run Script */ = {
			isa = PBXShellScriptBuildPhase;
			buildActionMask = 2147483647;
			files = (
			);
			inputPaths = (
			);
			name = "Run Script";
			outputPaths = (
			);
			runOnlyForDeploymentPostprocessing = 0;
			shellPath = /bin/sh;
			shellScript = "\"${PODS_ROOT}/Fabric/run\"";
		};
		5BF35976D9EBE89E4AAE4F2F /* [CP] Copy Pods Resources */ = {
			isa = PBXShellScriptBuildPhase;
			buildActionMask = 2147483647;
			files = (
			);
			inputPaths = (
			);
			name = "[CP] Copy Pods Resources";
			outputPaths = (
			);
			runOnlyForDeploymentPostprocessing = 0;
			shellPath = /bin/sh;
			shellScript = "\"${SRCROOT}/Pods/Target Support Files/Pods-Tic-Tac-Toe/Pods-Tic-Tac-Toe-resources.sh\"\n";
			showEnvVarsInLog = 0;
		};
/* End PBXShellScriptBuildPhase section */

/* Begin PBXSourcesBuildPhase section */
		288A326A1FBDBA610076BFD7 /* Sources */ = {
			isa = PBXSourcesBuildPhase;
			buildActionMask = 2147483647;
			files = (
				2896E8B21FBEE83D007C36DD /* Game Entities.swift in Sources */,
				2896E8B41FBEEB7D007C36DD /* Game.swift in Sources */,
				280B53341FC29B4B00A17367 /* SplashScreenViewController.swift in Sources */,
				28FBCDEC1FC5483700CB72BA /* GameListTableViewController.swift in Sources */,
				2896E8AC1FBE9FDC007C36DD /* GameScreenCollectionViewController.swift in Sources */,
				28920AC11FCBEA4F00F9393D /* Constants.swift in Sources */,
				28FA90DF1FC3EF2200B718BA /* NotificationDelegate.swift in Sources */,
				28FBCDEF1FC6EF2D00CB72BA /* Database.swift in Sources */,
				28920AC31FCD379000F9393D /* FireBaseNotification.swift in Sources */,
				288A32721FBDBA610076BFD7 /* AppDelegate.swift in Sources */,
				2896E8AE1FBEA7A6007C36DD /* GameButtonCell.swift in Sources */,
			);
			runOnlyForDeploymentPostprocessing = 0;
		};
/* End PBXSourcesBuildPhase section */

/* Begin PBXVariantGroup section */
		288A32751FBDBA620076BFD7 /* Main.storyboard */ = {
			isa = PBXVariantGroup;
			children = (
				288A32761FBDBA620076BFD7 /* Base */,
			);
			name = Main.storyboard;
			sourceTree = "<group>";
		};
		288A327A1FBDBA620076BFD7 /* LaunchScreen.storyboard */ = {
			isa = PBXVariantGroup;
			children = (
				288A327B1FBDBA620076BFD7 /* Base */,
			);
			name = LaunchScreen.storyboard;
			sourceTree = "<group>";
		};
/* End PBXVariantGroup section */

/* Begin XCBuildConfiguration section */
		288A327E1FBDBA620076BFD7 /* Debug */ = {
			isa = XCBuildConfiguration;
			buildSettings = {
				ALWAYS_SEARCH_USER_PATHS = NO;
				CLANG_ANALYZER_NONNULL = YES;
				CLANG_ANALYZER_NUMBER_OBJECT_CONVERSION = YES_AGGRESSIVE;
				CLANG_CXX_LANGUAGE_STANDARD = "gnu++14";
				CLANG_CXX_LIBRARY = "libc++";
				CLANG_ENABLE_MODULES = YES;
				CLANG_ENABLE_OBJC_ARC = YES;
				CLANG_WARN_BLOCK_CAPTURE_AUTORELEASING = YES;
				CLANG_WARN_BOOL_CONVERSION = YES;
				CLANG_WARN_COMMA = YES;
				CLANG_WARN_CONSTANT_CONVERSION = YES;
				CLANG_WARN_DIRECT_OBJC_ISA_USAGE = YES_ERROR;
				CLANG_WARN_DOCUMENTATION_COMMENTS = YES;
				CLANG_WARN_EMPTY_BODY = YES;
				CLANG_WARN_ENUM_CONVERSION = YES;
				CLANG_WARN_INFINITE_RECURSION = YES;
				CLANG_WARN_INT_CONVERSION = YES;
				CLANG_WARN_NON_LITERAL_NULL_CONVERSION = YES;
				CLANG_WARN_OBJC_LITERAL_CONVERSION = YES;
				CLANG_WARN_OBJC_ROOT_CLASS = YES_ERROR;
				CLANG_WARN_RANGE_LOOP_ANALYSIS = YES;
				CLANG_WARN_STRICT_PROTOTYPES = YES;
				CLANG_WARN_SUSPICIOUS_MOVE = YES;
				CLANG_WARN_UNGUARDED_AVAILABILITY = YES_AGGRESSIVE;
				CLANG_WARN_UNREACHABLE_CODE = YES;
				CLANG_WARN__DUPLICATE_METHOD_MATCH = YES;
				CODE_SIGN_IDENTITY = "iPhone Developer";
				COPY_PHASE_STRIP = NO;
				DEBUG_INFORMATION_FORMAT = dwarf;
				ENABLE_STRICT_OBJC_MSGSEND = YES;
				ENABLE_TESTABILITY = YES;
				GCC_C_LANGUAGE_STANDARD = gnu11;
				GCC_DYNAMIC_NO_PIC = NO;
				GCC_NO_COMMON_BLOCKS = YES;
				GCC_OPTIMIZATION_LEVEL = 0;
				GCC_PREPROCESSOR_DEFINITIONS = (
					"DEBUG=1",
					"$(inherited)",
				);
				GCC_WARN_64_TO_32_BIT_CONVERSION = YES;
				GCC_WARN_ABOUT_RETURN_TYPE = YES_ERROR;
				GCC_WARN_UNDECLARED_SELECTOR = YES;
				GCC_WARN_UNINITIALIZED_AUTOS = YES_AGGRESSIVE;
				GCC_WARN_UNUSED_FUNCTION = YES;
				GCC_WARN_UNUSED_VARIABLE = YES;
				IPHONEOS_DEPLOYMENT_TARGET = 11.1;
				MTL_ENABLE_DEBUG_INFO = YES;
				ONLY_ACTIVE_ARCH = YES;
				SDKROOT = iphoneos;
				SWIFT_ACTIVE_COMPILATION_CONDITIONS = DEBUG;
				SWIFT_OPTIMIZATION_LEVEL = "-Onone";
			};
			name = Debug;
		};
		288A327F1FBDBA620076BFD7 /* Release */ = {
			isa = XCBuildConfiguration;
			buildSettings = {
				ALWAYS_SEARCH_USER_PATHS = NO;
				CLANG_ANALYZER_NONNULL = YES;
				CLANG_ANALYZER_NUMBER_OBJECT_CONVERSION = YES_AGGRESSIVE;
				CLANG_CXX_LANGUAGE_STANDARD = "gnu++14";
				CLANG_CXX_LIBRARY = "libc++";
				CLANG_ENABLE_MODULES = YES;
				CLANG_ENABLE_OBJC_ARC = YES;
				CLANG_WARN_BLOCK_CAPTURE_AUTORELEASING = YES;
				CLANG_WARN_BOOL_CONVERSION = YES;
				CLANG_WARN_COMMA = YES;
				CLANG_WARN_CONSTANT_CONVERSION = YES;
				CLANG_WARN_DIRECT_OBJC_ISA_USAGE = YES_ERROR;
				CLANG_WARN_DOCUMENTATION_COMMENTS = YES;
				CLANG_WARN_EMPTY_BODY = YES;
				CLANG_WARN_ENUM_CONVERSION = YES;
				CLANG_WARN_INFINITE_RECURSION = YES;
				CLANG_WARN_INT_CONVERSION = YES;
				CLANG_WARN_NON_LITERAL_NULL_CONVERSION = YES;
				CLANG_WARN_OBJC_LITERAL_CONVERSION = YES;
				CLANG_WARN_OBJC_ROOT_CLASS = YES_ERROR;
				CLANG_WARN_RANGE_LOOP_ANALYSIS = YES;
				CLANG_WARN_STRICT_PROTOTYPES = YES;
				CLANG_WARN_SUSPICIOUS_MOVE = YES;
				CLANG_WARN_UNGUARDED_AVAILABILITY = YES_AGGRESSIVE;
				CLANG_WARN_UNREACHABLE_CODE = YES;
				CLANG_WARN__DUPLICATE_METHOD_MATCH = YES;
				CODE_SIGN_IDENTITY = "iPhone Developer";
				COPY_PHASE_STRIP = NO;
				DEBUG_INFORMATION_FORMAT = "dwarf-with-dsym";
				ENABLE_NS_ASSERTIONS = NO;
				ENABLE_STRICT_OBJC_MSGSEND = YES;
				GCC_C_LANGUAGE_STANDARD = gnu11;
				GCC_NO_COMMON_BLOCKS = YES;
				GCC_WARN_64_TO_32_BIT_CONVERSION = YES;
				GCC_WARN_ABOUT_RETURN_TYPE = YES_ERROR;
				GCC_WARN_UNDECLARED_SELECTOR = YES;
				GCC_WARN_UNINITIALIZED_AUTOS = YES_AGGRESSIVE;
				GCC_WARN_UNUSED_FUNCTION = YES;
				GCC_WARN_UNUSED_VARIABLE = YES;
				IPHONEOS_DEPLOYMENT_TARGET = 11.1;
				MTL_ENABLE_DEBUG_INFO = NO;
				SDKROOT = iphoneos;
				SWIFT_OPTIMIZATION_LEVEL = "-Owholemodule";
				VALIDATE_PRODUCT = YES;
			};
			name = Release;
		};
		288A32811FBDBA620076BFD7 /* Debug */ = {
			isa = XCBuildConfiguration;
			baseConfigurationReference = F845804FBB9CDB1DFCDA837A /* Pods-Tic-Tac-Toe.debug.xcconfig */;
			buildSettings = {
				ASSETCATALOG_COMPILER_APPICON_NAME = AppIcon;
				CODE_SIGN_ENTITLEMENTS = "Tic-Tac-Toe/Tic-Tac-Toe.entitlements";
				"CODE_SIGN_IDENTITY[sdk=iphoneos*]" = "iPhone Developer";
				CODE_SIGN_STYLE = Automatic;
				DEVELOPMENT_TEAM = M336QS26J3;
				INFOPLIST_FILE = "Tic-Tac-Toe/Info.plist";
				IPHONEOS_DEPLOYMENT_TARGET = 10.0;
				LD_RUNPATH_SEARCH_PATHS = "$(inherited) @executable_path/Frameworks";
				PRODUCT_BUNDLE_IDENTIFIER = com.testapp.nova;
				PRODUCT_NAME = "$(TARGET_NAME)";
				PROVISIONING_PROFILE_SPECIFIER = "";
				SWIFT_VERSION = 4.0;
				TARGETED_DEVICE_FAMILY = 1;
			};
			name = Debug;
		};
		288A32821FBDBA620076BFD7 /* Release */ = {
			isa = XCBuildConfiguration;
			baseConfigurationReference = DB7421AC498A818B0BDD19E8 /* Pods-Tic-Tac-Toe.release.xcconfig */;
			buildSettings = {
				ASSETCATALOG_COMPILER_APPICON_NAME = AppIcon;
				CODE_SIGN_ENTITLEMENTS = "Tic-Tac-Toe/Tic-Tac-Toe.entitlements";
				"CODE_SIGN_IDENTITY[sdk=iphoneos*]" = "iPhone Developer";
				CODE_SIGN_STYLE = Automatic;
				DEVELOPMENT_TEAM = M336QS26J3;
				INFOPLIST_FILE = "Tic-Tac-Toe/Info.plist";
				IPHONEOS_DEPLOYMENT_TARGET = 10.0;
				LD_RUNPATH_SEARCH_PATHS = "$(inherited) @executable_path/Frameworks";
				PRODUCT_BUNDLE_IDENTIFIER = com.testapp.nova;
				PRODUCT_NAME = "$(TARGET_NAME)";
				PROVISIONING_PROFILE_SPECIFIER = "";
				SWIFT_VERSION = 4.0;
				TARGETED_DEVICE_FAMILY = 1;
			};
			name = Release;
		};
/* End XCBuildConfiguration section */

/* Begin XCConfigurationList section */
		288A32691FBDBA610076BFD7 /* Build configuration list for PBXProject "Tic-Tac-Toe" */ = {
			isa = XCConfigurationList;
			buildConfigurations = (
				288A327E1FBDBA620076BFD7 /* Debug */,
				288A327F1FBDBA620076BFD7 /* Release */,
			);
			defaultConfigurationIsVisible = 0;
			defaultConfigurationName = Release;
		};
		288A32801FBDBA620076BFD7 /* Build configuration list for PBXNativeTarget "Tic-Tac-Toe" */ = {
			isa = XCConfigurationList;
			buildConfigurations = (
				288A32811FBDBA620076BFD7 /* Debug */,
				288A32821FBDBA620076BFD7 /* Release */,
			);
			defaultConfigurationIsVisible = 0;
			defaultConfigurationName = Release;
		};
/* End XCConfigurationList section */
	};
	rootObject = 288A32661FBDBA610076BFD7 /* Project object */;
}
